// !$*UTF8*$!
{
	archiveVersion = 1;
	classes = {
	};
	objectVersion = 46;
	objects = {

/* Begin PBXBuildFile section */
		1FBDE6271C8667BB0025D99E /* main.m in Sources */ = {isa = PBXBuildFile; fileRef = 1FBDE6261C8667BB0025D99E /* main.m */; };
		1FBDE62A1C8667BB0025D99E /* AppDelegate.m in Sources */ = {isa = PBXBuildFile; fileRef = 1FBDE6291C8667BB0025D99E /* AppDelegate.m */; };
		1FBDE62D1C8667BB0025D99E /* ViewController.m in Sources */ = {isa = PBXBuildFile; fileRef = 1FBDE62C1C8667BB0025D99E /* ViewController.m */; };
		1FBDE6301C8667BB0025D99E /* Main.storyboard in Resources */ = {isa = PBXBuildFile; fileRef = 1FBDE62E1C8667BB0025D99E /* Main.storyboard */; };
		1FBDE6321C8667BB0025D99E /* Assets.xcassets in Resources */ = {isa = PBXBuildFile; fileRef = 1FBDE6311C8667BB0025D99E /* Assets.xcassets */; };
		1FBDE6351C8667BB0025D99E /* LaunchScreen.storyboard in Resources */ = {isa = PBXBuildFile; fileRef = 1FBDE6331C8667BB0025D99E /* LaunchScreen.storyboard */; };
		1FBDE63D1C8667DB0025D99E /* AdSupport.framework in Frameworks */ = {isa = PBXBuildFile; fileRef = 1FBDE63C1C8667DB0025D99E /* AdSupport.framework */; };
		1FBDE63F1C8667DF0025D99E /* CFNetwork.framework in Frameworks */ = {isa = PBXBuildFile; fileRef = 1FBDE63E1C8667DF0025D99E /* CFNetwork.framework */; };
		1FBDE6421C86682F0025D99E /* UnityAds.bundle in Resources */ = {isa = PBXBuildFile; fileRef = 1FBDE6401C86682F0025D99E /* UnityAds.bundle */; };
		1FBDE6431C86682F0025D99E /* UnityAds.framework in Frameworks */ = {isa = PBXBuildFile; fileRef = 1FBDE6411C86682F0025D99E /* UnityAds.framework */; };
		1FBDE6451C8669660025D99E /* AVFoundation.framework in Frameworks */ = {isa = PBXBuildFile; fileRef = 1FBDE6441C8669660025D99E /* AVFoundation.framework */; };
		1FBDE6471C8669870025D99E /* StoreKit.framework in Frameworks */ = {isa = PBXBuildFile; fileRef = 1FBDE6461C8669870025D99E /* StoreKit.framework */; };
		1FBDE6491C86699F0025D99E /* CoreTelephony.framework in Frameworks */ = {isa = PBXBuildFile; fileRef = 1FBDE6481C86699F0025D99E /* CoreTelephony.framework */; };
		1FBDE64B1C8669BA0025D99E /* CoreFoundation.framework in Frameworks */ = {isa = PBXBuildFile; fileRef = 1FBDE64A1C8669BA0025D99E /* CoreFoundation.framework */; };
		1FBDE64D1C8669E40025D99E /* CoreMedia.framework in Frameworks */ = {isa = PBXBuildFile; fileRef = 1FBDE64C1C8669E40025D99E /* CoreMedia.framework */; };
		1FBDE64F1C866A040025D99E /* SystemConfiguration.framework in Frameworks */ = {isa = PBXBuildFile; fileRef = 1FBDE64E1C866A040025D99E /* SystemConfiguration.framework */; };
/* End PBXBuildFile section */

/* Begin PBXFileReference section */
		1FBDE6221C8667BB0025D99E /* unity-ads-simple.app */ = {isa = PBXFileReference; explicitFileType = wrapper.application; includeInIndex = 0; path = "unity-ads-simple.app"; sourceTree = BUILT_PRODUCTS_DIR; };
		1FBDE6261C8667BB0025D99E /* main.m */ = {isa = PBXFileReference; lastKnownFileType = sourcecode.c.objc; path = main.m; sourceTree = "<group>"; };
		1FBDE6281C8667BB0025D99E /* AppDelegate.h */ = {isa = PBXFileReference; lastKnownFileType = sourcecode.c.h; path = AppDelegate.h; sourceTree = "<group>"; };
		1FBDE6291C8667BB0025D99E /* AppDelegate.m */ = {isa = PBXFileReference; lastKnownFileType = sourcecode.c.objc; path = AppDelegate.m; sourceTree = "<group>"; };
		1FBDE62B1C8667BB0025D99E /* ViewController.h */ = {isa = PBXFileReference; lastKnownFileType = sourcecode.c.h; path = ViewController.h; sourceTree = "<group>"; };
		1FBDE62C1C8667BB0025D99E /* ViewController.m */ = {isa = PBXFileReference; lastKnownFileType = sourcecode.c.objc; path = ViewController.m; sourceTree = "<group>"; };
		1FBDE62F1C8667BB0025D99E /* Base */ = {isa = PBXFileReference; lastKnownFileType = file.storyboard; name = Base; path = Base.lproj/Main.storyboard; sourceTree = "<group>"; };
		1FBDE6311C8667BB0025D99E /* Assets.xcassets */ = {isa = PBXFileReference; lastKnownFileType = folder.assetcatalog; path = Assets.xcassets; sourceTree = "<group>"; };
		1FBDE6341C8667BB0025D99E /* Base */ = {isa = PBXFileReference; lastKnownFileType = file.storyboard; name = Base; path = Base.lproj/LaunchScreen.storyboard; sourceTree = "<group>"; };
		1FBDE6361C8667BB0025D99E /* Info.plist */ = {isa = PBXFileReference; lastKnownFileType = text.plist.xml; path = Info.plist; sourceTree = "<group>"; };
		1FBDE63C1C8667DB0025D99E /* AdSupport.framework */ = {isa = PBXFileReference; lastKnownFileType = wrapper.framework; name = AdSupport.framework; path = System/Library/Frameworks/AdSupport.framework; sourceTree = SDKROOT; };
		1FBDE63E1C8667DF0025D99E /* CFNetwork.framework */ = {isa = PBXFileReference; lastKnownFileType = wrapper.framework; name = CFNetwork.framework; path = System/Library/Frameworks/CFNetwork.framework; sourceTree = SDKROOT; };
		1FBDE6401C86682F0025D99E /* UnityAds.bundle */ = {isa = PBXFileReference; lastKnownFileType = "wrapper.plug-in"; path = UnityAds.bundle; sourceTree = "<group>"; };
		1FBDE6411C86682F0025D99E /* UnityAds.framework */ = {isa = PBXFileReference; lastKnownFileType = wrapper.framework; path = UnityAds.framework; sourceTree = "<group>"; };
		1FBDE6441C8669660025D99E /* AVFoundation.framework */ = {isa = PBXFileReference; lastKnownFileType = wrapper.framework; name = AVFoundation.framework; path = System/Library/Frameworks/AVFoundation.framework; sourceTree = SDKROOT; };
		1FBDE6461C8669870025D99E /* StoreKit.framework */ = {isa = PBXFileReference; lastKnownFileType = wrapper.framework; name = StoreKit.framework; path = System/Library/Frameworks/StoreKit.framework; sourceTree = SDKROOT; };
		1FBDE6481C86699F0025D99E /* CoreTelephony.framework */ = {isa = PBXFileReference; lastKnownFileType = wrapper.framework; name = CoreTelephony.framework; path = System/Library/Frameworks/CoreTelephony.framework; sourceTree = SDKROOT; };
		1FBDE64A1C8669BA0025D99E /* CoreFoundation.framework */ = {isa = PBXFileReference; lastKnownFileType = wrapper.framework; name = CoreFoundation.framework; path = System/Library/Frameworks/CoreFoundation.framework; sourceTree = SDKROOT; };
		1FBDE64C1C8669E40025D99E /* CoreMedia.framework */ = {isa = PBXFileReference; lastKnownFileType = wrapper.framework; name = CoreMedia.framework; path = System/Library/Frameworks/CoreMedia.framework; sourceTree = SDKROOT; };
		1FBDE64E1C866A040025D99E /* SystemConfiguration.framework */ = {isa = PBXFileReference; lastKnownFileType = wrapper.framework; name = SystemConfiguration.framework; path = System/Library/Frameworks/SystemConfiguration.framework; sourceTree = SDKROOT; };
/* End PBXFileReference section */

/* Begin PBXFrameworksBuildPhase section */
		1FBDE61F1C8667BB0025D99E /* Frameworks */ = {
			isa = PBXFrameworksBuildPhase;
			buildActionMask = 2147483647;
			files = (
				1FBDE64F1C866A040025D99E /* SystemConfiguration.framework in Frameworks */,
				1FBDE64D1C8669E40025D99E /* CoreMedia.framework in Frameworks */,
				1FBDE64B1C8669BA0025D99E /* CoreFoundation.framework in Frameworks */,
				1FBDE63F1C8667DF0025D99E /* CFNetwork.framework in Frameworks */,
				1FBDE6491C86699F0025D99E /* CoreTelephony.framework in Frameworks */,
				1FBDE6471C8669870025D99E /* StoreKit.framework in Frameworks */,
				1FBDE6451C8669660025D99E /* AVFoundation.framework in Frameworks */,
				1FBDE63D1C8667DB0025D99E /* AdSupport.framework in Frameworks */,
				1FBDE6431C86682F0025D99E /* UnityAds.framework in Frameworks */,
			);
			runOnlyForDeploymentPostprocessing = 0;
		};
/* End PBXFrameworksBuildPhase section */

/* Begin PBXGroup section */
		1FBDE6191C8667BB0025D99E = {
			isa = PBXGroup;
			children = (
				1FBDE6241C8667BB0025D99E /* unity-ads-simple */,
				1FBDE6231C8667BB0025D99E /* Products */,
				1FBDE6501C866A280025D99E /* Frameworks */,
			);
			sourceTree = "<group>";
		};
		1FBDE6231C8667BB0025D99E /* Products */ = {
			isa = PBXGroup;
			children = (
				1FBDE6221C8667BB0025D99E /* unity-ads-simple.app */,
			);
			name = Products;
			sourceTree = "<group>";
		};
		1FBDE6241C8667BB0025D99E /* unity-ads-simple */ = {
			isa = PBXGroup;
			children = (
				1FBDE6281C8667BB0025D99E /* AppDelegate.h */,
				1FBDE6291C8667BB0025D99E /* AppDelegate.m */,
				1FBDE62B1C8667BB0025D99E /* ViewController.h */,
				1FBDE62C1C8667BB0025D99E /* ViewController.m */,
				1FBDE6251C8667BB0025D99E /* Supporting Files */,
			);
			path = "unity-ads-simple";
			sourceTree = "<group>";
		};
		1FBDE6251C8667BB0025D99E /* Supporting Files */ = {
			isa = PBXGroup;
			children = (
				1FBDE62E1C8667BB0025D99E /* Main.storyboard */,
				1FBDE6311C8667BB0025D99E /* Assets.xcassets */,
				1FBDE6331C8667BB0025D99E /* LaunchScreen.storyboard */,
				1FBDE6361C8667BB0025D99E /* Info.plist */,
				1FBDE6261C8667BB0025D99E /* main.m */,
			);
			name = "Supporting Files";
			sourceTree = "<group>";
		};
		1FBDE6501C866A280025D99E /* Frameworks */ = {
			isa = PBXGroup;
			children = (
				1FBDE64E1C866A040025D99E /* SystemConfiguration.framework */,
				1FBDE64C1C8669E40025D99E /* CoreMedia.framework */,
				1FBDE64A1C8669BA0025D99E /* CoreFoundation.framework */,
				1FBDE6481C86699F0025D99E /* CoreTelephony.framework */,
				1FBDE6461C8669870025D99E /* StoreKit.framework */,
				1FBDE6441C8669660025D99E /* AVFoundation.framework */,
				1FBDE6401C86682F0025D99E /* UnityAds.bundle */,
				1FBDE6411C86682F0025D99E /* UnityAds.framework */,
				1FBDE63E1C8667DF0025D99E /* CFNetwork.framework */,
				1FBDE63C1C8667DB0025D99E /* AdSupport.framework */,
			);
			name = Frameworks;
			sourceTree = "<group>";
		};
/* End PBXGroup section */

/* Begin PBXNativeTarget section */
		1FBDE6211C8667BB0025D99E /* unity-ads-simple */ = {
			isa = PBXNativeTarget;
			buildConfigurationList = 1FBDE6391C8667BB0025D99E /* Build configuration list for PBXNativeTarget "unity-ads-simple" */;
			buildPhases = (
				1FBDE61E1C8667BB0025D99E /* Sources */,
				1FBDE61F1C8667BB0025D99E /* Frameworks */,
				1FBDE6201C8667BB0025D99E /* Resources */,
			);
			buildRules = (
			);
			dependencies = (
			);
			name = "unity-ads-simple";
			productName = "unity-ads-simple";
			productReference = 1FBDE6221C8667BB0025D99E /* unity-ads-simple.app */;
			productType = "com.apple.product-type.application";
		};
/* End PBXNativeTarget section */

/* Begin PBXProject section */
		1FBDE61A1C8667BB0025D99E /* Project object */ = {
			isa = PBXProject;
			attributes = {
				LastUpgradeCheck = 0720;
				ORGANIZATIONNAME = Fritz;
				TargetAttributes = {
					1FBDE6211C8667BB0025D99E = {
						CreatedOnToolsVersion = 7.2.1;
					};
				};
			};
			buildConfigurationList = 1FBDE61D1C8667BB0025D99E /* Build configuration list for PBXProject "unity-ads-simple" */;
			compatibilityVersion = "Xcode 3.2";
			developmentRegion = English;
			hasScannedForEncodings = 0;
			knownRegions = (
				en,
				Base,
			);
			mainGroup = 1FBDE6191C8667BB0025D99E;
			productRefGroup = 1FBDE6231C8667BB0025D99E /* Products */;
			projectDirPath = "";
			projectRoot = "";
			targets = (
				1FBDE6211C8667BB0025D99E /* unity-ads-simple */,
			);
		};
/* End PBXProject section */

/* Begin PBXResourcesBuildPhase section */
		1FBDE6201C8667BB0025D99E /* Resources */ = {
			isa = PBXResourcesBuildPhase;
			buildActionMask = 2147483647;
			files = (
				1FBDE6421C86682F0025D99E /* UnityAds.bundle in Resources */,
				1FBDE6351C8667BB0025D99E /* LaunchScreen.storyboard in Resources */,
				1FBDE6321C8667BB0025D99E /* Assets.xcassets in Resources */,
				1FBDE6301C8667BB0025D99E /* Main.storyboard in Resources */,
			);
			runOnlyForDeploymentPostprocessing = 0;
		};
/* End PBXResourcesBuildPhase section */

/* Begin PBXSourcesBuildPhase section */
		1FBDE61E1C8667BB0025D99E /* Sources */ = {
			isa = PBXSourcesBuildPhase;
			buildActionMask = 2147483647;
			files = (
				1FBDE62D1C8667BB0025D99E /* ViewController.m in Sources */,
				1FBDE62A1C8667BB0025D99E /* AppDelegate.m in Sources */,
				1FBDE6271C8667BB0025D99E /* main.m in Sources */,
			);
			runOnlyForDeploymentPostprocessing = 0;
		};
/* End PBXSourcesBuildPhase section */

/* Begin PBXVariantGroup section */
		1FBDE62E1C8667BB0025D99E /* Main.storyboard */ = {
			isa = PBXVariantGroup;
			children = (
				1FBDE62F1C8667BB0025D99E /* Base */,
			);
			name = Main.storyboard;
			sourceTree = "<group>";
		};
		1FBDE6331C8667BB0025D99E /* LaunchScreen.storyboard */ = {
			isa = PBXVariantGroup;
			children = (
				1FBDE6341C8667BB0025D99E /* Base */,
			);
			name = LaunchScreen.storyboard;
			sourceTree = "<group>";
		};
/* End PBXVariantGroup section */

/* Begin XCBuildConfiguration section */
		1FBDE6371C8667BB0025D99E /* Debug */ = {
			isa = XCBuildConfiguration;
			buildSettings = {
				ALWAYS_SEARCH_USER_PATHS = NO;
				CLANG_CXX_LANGUAGE_STANDARD = "gnu++0x";
				CLANG_CXX_LIBRARY = "libc++";
				CLANG_ENABLE_MODULES = YES;
				CLANG_ENABLE_OBJC_ARC = YES;
				CLANG_WARN_BOOL_CONVERSION = YES;
				CLANG_WARN_CONSTANT_CONVERSION = YES;
				CLANG_WARN_DIRECT_OBJC_ISA_USAGE = YES_ERROR;
				CLANG_WARN_EMPTY_BODY = YES;
				CLANG_WARN_ENUM_CONVERSION = YES;
				CLANG_WARN_INT_CONVERSION = YES;
				CLANG_WARN_OBJC_ROOT_CLASS = YES_ERROR;
				CLANG_WARN_UNREACHABLE_CODE = YES;
				CLANG_WARN__DUPLICATE_METHOD_MATCH = YES;
				"CODE_SIGN_IDENTITY[sdk=iphoneos*]" = "iPhone Developer";
				COPY_PHASE_STRIP = NO;
				DEBUG_INFORMATION_FORMAT = dwarf;
				ENABLE_STRICT_OBJC_MSGSEND = YES;
				ENABLE_TESTABILITY = YES;
				GCC_C_LANGUAGE_STANDARD = gnu99;
				GCC_DYNAMIC_NO_PIC = NO;
				GCC_NO_COMMON_BLOCKS = YES;
				GCC_OPTIMIZATION_LEVEL = 0;
				GCC_PREPROCESSOR_DEFINITIONS = (
					"DEBUG=1",
					"$(inherited)",
				);
				GCC_WARN_64_TO_32_BIT_CONVERSION = YES;
				GCC_WARN_ABOUT_RETURN_TYPE = YES_ERROR;
				GCC_WARN_UNDECLARED_SELECTOR = YES;
				GCC_WARN_UNINITIALIZED_AUTOS = YES_AGGRESSIVE;
				GCC_WARN_UNUSED_FUNCTION = YES;
				GCC_WARN_UNUSED_VARIABLE = YES;
				IPHONEOS_DEPLOYMENT_TARGET = 9.2;
				MTL_ENABLE_DEBUG_INFO = YES;
				ONLY_ACTIVE_ARCH = YES;
				SDKROOT = iphoneos;
				TARGETED_DEVICE_FAMILY = "1,2";
			};
			name = Debug;
		};
		1FBDE6381C8667BB0025D99E /* Release */ = {
			isa = XCBuildConfiguration;
			buildSettings = {
				ALWAYS_SEARCH_USER_PATHS = NO;
				CLANG_CXX_LANGUAGE_STANDARD = "gnu++0x";
				CLANG_CXX_LIBRARY = "libc++";
				CLANG_ENABLE_MODULES = YES;
				CLANG_ENABLE_OBJC_ARC = YES;
				CLANG_WARN_BOOL_CONVERSION = YES;
				CLANG_WARN_CONSTANT_CONVERSION = YES;
				CLANG_WARN_DIRECT_OBJC_ISA_USAGE = YES_ERROR;
				CLANG_WARN_EMPTY_BODY = YES;
				CLANG_WARN_ENUM_CONVERSION = YES;
				CLANG_WARN_INT_CONVERSION = YES;
				CLANG_WARN_OBJC_ROOT_CLASS = YES_ERROR;
				CLANG_WARN_UNREACHABLE_CODE = YES;
				CLANG_WARN__DUPLICATE_METHOD_MATCH = YES;
				"CODE_SIGN_IDENTITY[sdk=iphoneos*]" = "iPhone Developer";
				COPY_PHASE_STRIP = NO;
				DEBUG_INFORMATION_FORMAT = "dwarf-with-dsym";
				ENABLE_NS_ASSERTIONS = NO;
				ENABLE_STRICT_OBJC_MSGSEND = YES;
				GCC_C_LANGUAGE_STANDARD = gnu99;
				GCC_NO_COMMON_BLOCKS = YES;
				GCC_WARN_64_TO_32_BIT_CONVERSION = YES;
				GCC_WARN_ABOUT_RETURN_TYPE = YES_ERROR;
				GCC_WARN_UNDECLARED_SELECTOR = YES;
				GCC_WARN_UNINITIALIZED_AUTOS = YES_AGGRESSIVE;
				GCC_WARN_UNUSED_FUNCTION = YES;
				GCC_WARN_UNUSED_VARIABLE = YES;
				IPHONEOS_DEPLOYMENT_TARGET = 9.2;
				MTL_ENABLE_DEBUG_INFO = NO;
				SDKROOT = iphoneos;
				TARGETED_DEVICE_FAMILY = "1,2";
				VALIDATE_PRODUCT = YES;
			};
			name = Release;
		};
		1FBDE63A1C8667BB0025D99E /* Debug */ = {
			isa = XCBuildConfiguration;
			buildSettings = {
				ASSETCATALOG_COMPILER_APPICON_NAME = AppIcon;
				FRAMEWORK_SEARCH_PATHS = (
					"$(inherited)",
					"$(PROJECT_DIR)",
				);
				INFOPLIST_FILE = "unity-ads-simple/Info.plist";
				LD_RUNPATH_SEARCH_PATHS = "$(inherited) @executable_path/Frameworks";
				PRODUCT_BUNDLE_IDENTIFIER = "fritz.unity-ads-simple";
				PRODUCT_NAME = "$(TARGET_NAME)";
			};
			name = Debug;
		};
		1FBDE63B1C8667BB0025D99E /* Release */ = {
			isa = XCBuildConfiguration;
			buildSettings = {
				ASSETCATALOG_COMPILER_APPICON_NAME = AppIcon;
				FRAMEWORK_SEARCH_PATHS = (
					"$(inherited)",
					"$(PROJECT_DIR)",
				);
				INFOPLIST_FILE = "unity-ads-simple/Info.plist";
				LD_RUNPATH_SEARCH_PATHS = "$(inherited) @executable_path/Frameworks";
				PRODUCT_BUNDLE_IDENTIFIER = "fritz.unity-ads-simple";
				PRODUCT_NAME = "$(TARGET_NAME)";
			};
			name = Release;
		};
/* End XCBuildConfiguration section */

/* Begin XCConfigurationList section */
		1FBDE61D1C8667BB0025D99E /* Build configuration list for PBXProject "unity-ads-simple" */ = {
			isa = XCConfigurationList;
			buildConfigurations = (
				1FBDE6371C8667BB0025D99E /* Debug */,
				1FBDE6381C8667BB0025D99E /* Release */,
			);
			defaultConfigurationIsVisible = 0;
			defaultConfigurationName = Release;
		};
		1FBDE6391C8667BB0025D99E /* Build configuration list for PBXNativeTarget "unity-ads-simple" */ = {
			isa = XCConfigurationList;
			buildConfigurations = (
				1FBDE63A1C8667BB0025D99E /* Debug */,
				1FBDE63B1C8667BB0025D99E /* Release */,
			);
			defaultConfigurationIsVisible = 0;
		};
/* End XCConfigurationList section */
	};
	rootObject = 1FBDE61A1C8667BB0025D99E /* Project object */;
}
